// !$*UTF8*$!
{
	archiveVersion = 1;
	classes = {
	};
	objectVersion = 77;
	objects = {

/* Begin PBXBuildFile section */
		B48946F12DBBF121003FCE8C /* GoogleGenerativeAI in Frameworks */ = {isa = PBXBuildFile; productRef = B48946F02DBBF121003FCE8C /* GoogleGenerativeAI */; };
/* End PBXBuildFile section */

/* Begin PBXContainerItemProxy section */
		B48946CA2DBBED71003FCE8C /* PBXContainerItemProxy */ = {
			isa = PBXContainerItemProxy;
			containerPortal = B48946B02DBBED6F003FCE8C /* Project object */;
			proxyType = 1;
			remoteGlobalIDString = B48946B72DBBED6F003FCE8C;
			remoteInfo = FallacyDetectorNonVibe;
		};
		B48946D42DBBED71003FCE8C /* PBXContainerItemProxy */ = {
			isa = PBXContainerItemProxy;
			containerPortal = B48946B02DBBED6F003FCE8C /* Project object */;
			proxyType = 1;
			remoteGlobalIDString = B48946B72DBBED6F003FCE8C;
			remoteInfo = FallacyDetectorNonVibe;
		};
/* End PBXContainerItemProxy section */

/* Begin PBXFileReference section */
		B48946B82DBBED6F003FCE8C /* FallacyDetectorNonVibe.app */ = {isa = PBXFileReference; explicitFileType = wrapper.application; includeInIndex = 0; path = FallacyDetectorNonVibe.app; sourceTree = BUILT_PRODUCTS_DIR; };
		B48946C92DBBED71003FCE8C /* FallacyDetectorNonVibeTests.xctest */ = {isa = PBXFileReference; explicitFileType = wrapper.cfbundle; includeInIndex = 0; path = FallacyDetectorNonVibeTests.xctest; sourceTree = BUILT_PRODUCTS_DIR; };
		B48946D32DBBED71003FCE8C /* FallacyDetectorNonVibeUITests.xctest */ = {isa = PBXFileReference; explicitFileType = wrapper.cfbundle; includeInIndex = 0; path = FallacyDetectorNonVibeUITests.xctest; sourceTree = BUILT_PRODUCTS_DIR; };
/* End PBXFileReference section */

/* Begin PBXFileSystemSynchronizedBuildFileExceptionSet section */
		B48946DB2DBBED71003FCE8C /* Exceptions for "FallacyDetectorNonVibe" folder in "FallacyDetectorNonVibe" target */ = {
			isa = PBXFileSystemSynchronizedBuildFileExceptionSet;
			membershipExceptions = (
				Info.plist,
			);
			target = B48946B72DBBED6F003FCE8C /* FallacyDetectorNonVibe */;
		};
/* End PBXFileSystemSynchronizedBuildFileExceptionSet section */

/* Begin PBXFileSystemSynchronizedRootGroup section */
		B48946BA2DBBED6F003FCE8C /* FallacyDetectorNonVibe */ = {
			isa = PBXFileSystemSynchronizedRootGroup;
			exceptions = (
				B48946DB2DBBED71003FCE8C /* Exceptions for "FallacyDetectorNonVibe" folder in "FallacyDetectorNonVibe" target */,
			);
			path = FallacyDetectorNonVibe;
			sourceTree = "<group>";
		};
		B48946CC2DBBED71003FCE8C /* FallacyDetectorNonVibeTests */ = {
			isa = PBXFileSystemSynchronizedRootGroup;
			path = FallacyDetectorNonVibeTests;
			sourceTree = "<group>";
		};
		B48946D62DBBED71003FCE8C /* FallacyDetectorNonVibeUITests */ = {
			isa = PBXFileSystemSynchronizedRootGroup;
			path = FallacyDetectorNonVibeUITests;
			sourceTree = "<group>";
		};
/* End PBXFileSystemSynchronizedRootGroup section */

/* Begin PBXFrameworksBuildPhase section */
		B48946B52DBBED6F003FCE8C /* Frameworks */ = {
			isa = PBXFrameworksBuildPhase;
			buildActionMask = 2147483647;
			files = (
				B48946F12DBBF121003FCE8C /* GoogleGenerativeAI in Frameworks */,
			);
			runOnlyForDeploymentPostprocessing = 0;
		};
		B48946C62DBBED71003FCE8C /* Frameworks */ = {
			isa = PBXFrameworksBuildPhase;
			buildActionMask = 2147483647;
			files = (
			);
			runOnlyForDeploymentPostprocessing = 0;
		};
		B48946D02DBBED71003FCE8C /* Frameworks */ = {
			isa = PBXFrameworksBuildPhase;
			buildActionMask = 2147483647;
			files = (
			);
			runOnlyForDeploymentPostprocessing = 0;
		};
/* End PBXFrameworksBuildPhase section */

/* Begin PBXGroup section */
		B48946AF2DBBED6F003FCE8C = {
			isa = PBXGroup;
			children = (
				B48946BA2DBBED6F003FCE8C /* FallacyDetectorNonVibe */,
				B48946CC2DBBED71003FCE8C /* FallacyDetectorNonVibeTests */,
				B48946D62DBBED71003FCE8C /* FallacyDetectorNonVibeUITests */,
				B48946EF2DBBF121003FCE8C /* Frameworks */,
				B48946B92DBBED6F003FCE8C /* Products */,
			);
			sourceTree = "<group>";
		};
		B48946B92DBBED6F003FCE8C /* Products */ = {
			isa = PBXGroup;
			children = (
				B48946B82DBBED6F003FCE8C /* FallacyDetectorNonVibe.app */,
				B48946C92DBBED71003FCE8C /* FallacyDetectorNonVibeTests.xctest */,
				B48946D32DBBED71003FCE8C /* FallacyDetectorNonVibeUITests.xctest */,
			);
			name = Products;
			sourceTree = "<group>";
		};
		B48946EF2DBBF121003FCE8C /* Frameworks */ = {
			isa = PBXGroup;
			children = (
			);
			name = Frameworks;
			sourceTree = "<group>";
		};
/* End PBXGroup section */

/* Begin PBXNativeTarget section */
		B48946B72DBBED6F003FCE8C /* FallacyDetectorNonVibe */ = {
			isa = PBXNativeTarget;
			buildConfigurationList = B48946DC2DBBED71003FCE8C /* Build configuration list for PBXNativeTarget "FallacyDetectorNonVibe" */;
			buildPhases = (
				B48946B42DBBED6F003FCE8C /* Sources */,
				B48946B52DBBED6F003FCE8C /* Frameworks */,
				B48946B62DBBED6F003FCE8C /* Resources */,
			);
			buildRules = (
			);
			dependencies = (
			);
			fileSystemSynchronizedGroups = (
				B48946BA2DBBED6F003FCE8C /* FallacyDetectorNonVibe */,
			);
			name = FallacyDetectorNonVibe;
			packageProductDependencies = (
				B48946F02DBBF121003FCE8C /* GoogleGenerativeAI */,
			);
			productName = FallacyDetectorNonVibe;
			productReference = B48946B82DBBED6F003FCE8C /* FallacyDetectorNonVibe.app */;
			productType = "com.apple.product-type.application";
		};
		B48946C82DBBED71003FCE8C /* FallacyDetectorNonVibeTests */ = {
			isa = PBXNativeTarget;
			buildConfigurationList = B48946E12DBBED71003FCE8C /* Build configuration list for PBXNativeTarget "FallacyDetectorNonVibeTests" */;
			buildPhases = (
				B48946C52DBBED71003FCE8C /* Sources */,
				B48946C62DBBED71003FCE8C /* Frameworks */,
				B48946C72DBBED71003FCE8C /* Resources */,
			);
			buildRules = (
			);
			dependencies = (
				B48946CB2DBBED71003FCE8C /* PBXTargetDependency */,
			);
			fileSystemSynchronizedGroups = (
				B48946CC2DBBED71003FCE8C /* FallacyDetectorNonVibeTests */,
			);
			name = FallacyDetectorNonVibeTests;
			packageProductDependencies = (
			);
			productName = FallacyDetectorNonVibeTests;
			productReference = B48946C92DBBED71003FCE8C /* FallacyDetectorNonVibeTests.xctest */;
			productType = "com.apple.product-type.bundle.unit-test";
		};
		B48946D22DBBED71003FCE8C /* FallacyDetectorNonVibeUITests */ = {
			isa = PBXNativeTarget;
			buildConfigurationList = B48946E42DBBED71003FCE8C /* Build configuration list for PBXNativeTarget "FallacyDetectorNonVibeUITests" */;
			buildPhases = (
				B48946CF2DBBED71003FCE8C /* Sources */,
				B48946D02DBBED71003FCE8C /* Frameworks */,
				B48946D12DBBED71003FCE8C /* Resources */,
			);
			buildRules = (
			);
			dependencies = (
				B48946D52DBBED71003FCE8C /* PBXTargetDependency */,
			);
			fileSystemSynchronizedGroups = (
				B48946D62DBBED71003FCE8C /* FallacyDetectorNonVibeUITests */,
			);
			name = FallacyDetectorNonVibeUITests;
			packageProductDependencies = (
			);
			productName = FallacyDetectorNonVibeUITests;
			productReference = B48946D32DBBED71003FCE8C /* FallacyDetectorNonVibeUITests.xctest */;
			productType = "com.apple.product-type.bundle.ui-testing";
		};
/* End PBXNativeTarget section */

/* Begin PBXProject section */
		B48946B02DBBED6F003FCE8C /* Project object */ = {
			isa = PBXProject;
			attributes = {
				BuildIndependentTargetsInParallel = 1;
				LastSwiftUpdateCheck = 1630;
				LastUpgradeCheck = 1630;
				TargetAttributes = {
					B48946B72DBBED6F003FCE8C = {
						CreatedOnToolsVersion = 16.3;
					};
					B48946C82DBBED71003FCE8C = {
						CreatedOnToolsVersion = 16.3;
						TestTargetID = B48946B72DBBED6F003FCE8C;
					};
					B48946D22DBBED71003FCE8C = {
						CreatedOnToolsVersion = 16.3;
						TestTargetID = B48946B72DBBED6F003FCE8C;
					};
				};
			};
			buildConfigurationList = B48946B32DBBED6F003FCE8C /* Build configuration list for PBXProject "FallacyDetectorNonVibe" */;
			developmentRegion = en;
			hasScannedForEncodings = 0;
			knownRegions = (
				en,
				Base,
			);
			mainGroup = B48946AF2DBBED6F003FCE8C;
			minimizedProjectReferenceProxies = 1;
			packageReferences = (
				B48946EE2DBBEF6B003FCE8C /* XCRemoteSwiftPackageReference "generative-ai-swift" */,
			);
			preferredProjectObjectVersion = 77;
			productRefGroup = B48946B92DBBED6F003FCE8C /* Products */;
			projectDirPath = "";
			projectRoot = "";
			targets = (
				B48946B72DBBED6F003FCE8C /* FallacyDetectorNonVibe */,
				B48946C82DBBED71003FCE8C /* FallacyDetectorNonVibeTests */,
				B48946D22DBBED71003FCE8C /* FallacyDetectorNonVibeUITests */,
			);
		};
/* End PBXProject section */

/* Begin PBXResourcesBuildPhase section */
		B48946B62DBBED6F003FCE8C /* Resources */ = {
			isa = PBXResourcesBuildPhase;
			buildActionMask = 2147483647;
			files = (
			);
			runOnlyForDeploymentPostprocessing = 0;
		};
		B48946C72DBBED71003FCE8C /* Resources */ = {
			isa = PBXResourcesBuildPhase;
			buildActionMask = 2147483647;
			files = (
			);
			runOnlyForDeploymentPostprocessing = 0;
		};
		B48946D12DBBED71003FCE8C /* Resources */ = {
			isa = PBXResourcesBuildPhase;
			buildActionMask = 2147483647;
			files = (
			);
			runOnlyForDeploymentPostprocessing = 0;
		};
/* End PBXResourcesBuildPhase section */

/* Begin PBXSourcesBuildPhase section */
		B48946B42DBBED6F003FCE8C /* Sources */ = {
			isa = PBXSourcesBuildPhase;
			buildActionMask = 2147483647;
			files = (
			);
			runOnlyForDeploymentPostprocessing = 0;
		};
		B48946C52DBBED71003FCE8C /* Sources */ = {
			isa = PBXSourcesBuildPhase;
			buildActionMask = 2147483647;
			files = (
			);
			runOnlyForDeploymentPostprocessing = 0;
		};
		B48946CF2DBBED71003FCE8C /* Sources */ = {
			isa = PBXSourcesBuildPhase;
			buildActionMask = 2147483647;
			files = (
			);
			runOnlyForDeploymentPostprocessing = 0;
		};
/* End PBXSourcesBuildPhase section */

/* Begin PBXTargetDependency section */
		B48946CB2DBBED71003FCE8C /* PBXTargetDependency */ = {
			isa = PBXTargetDependency;
			target = B48946B72DBBED6F003FCE8C /* FallacyDetectorNonVibe */;
			targetProxy = B48946CA2DBBED71003FCE8C /* PBXContainerItemProxy */;
		};
		B48946D52DBBED71003FCE8C /* PBXTargetDependency */ = {
			isa = PBXTargetDependency;
			target = B48946B72DBBED6F003FCE8C /* FallacyDetectorNonVibe */;
			targetProxy = B48946D42DBBED71003FCE8C /* PBXContainerItemProxy */;
		};
/* End PBXTargetDependency section */

/* Begin XCBuildConfiguration section */
		B48946DD2DBBED71003FCE8C /* Debug */ = {
			isa = XCBuildConfiguration;
			buildSettings = {
				ASSETCATALOG_COMPILER_APPICON_NAME = AppIcon;
				ASSETCATALOG_COMPILER_GLOBAL_ACCENT_COLOR_NAME = AccentColor;
				CODE_SIGN_ENTITLEMENTS = FallacyDetectorNonVibe/FallacyDetectorNonVibe.entitlements;
				CODE_SIGN_STYLE = Automatic;
				CURRENT_PROJECT_VERSION = 1;
				DEVELOPMENT_TEAM = RTK4H4C7L9;
				ENABLE_HARDENED_RUNTIME = YES;
				ENABLE_PREVIEWS = YES;
				GENERATE_INFOPLIST_FILE = YES;
				INFOPLIST_FILE = FallacyDetectorNonVibe/Info.plist;
				"INFOPLIST_KEY_UIApplicationSceneManifest_Generation[sdk=iphoneos*]" = YES;
				"INFOPLIST_KEY_UIApplicationSceneManifest_Generation[sdk=iphonesimulator*]" = YES;
				"INFOPLIST_KEY_UIApplicationSupportsIndirectInputEvents[sdk=iphoneos*]" = YES;
				"INFOPLIST_KEY_UIApplicationSupportsIndirectInputEvents[sdk=iphonesimulator*]" = YES;
				"INFOPLIST_KEY_UILaunchScreen_Generation[sdk=iphoneos*]" = YES;
				"INFOPLIST_KEY_UILaunchScreen_Generation[sdk=iphonesimulator*]" = YES;
				"INFOPLIST_KEY_UIStatusBarStyle[sdk=iphoneos*]" = UIStatusBarStyleDefault;
				"INFOPLIST_KEY_UIStatusBarStyle[sdk=iphonesimulator*]" = UIStatusBarStyleDefault;
				INFOPLIST_KEY_UISupportedInterfaceOrientations_iPad = "UIInterfaceOrientationPortrait UIInterfaceOrientationPortraitUpsideDown UIInterfaceOrientationLandscapeLeft UIInterfaceOrientationLandscapeRight";
				INFOPLIST_KEY_UISupportedInterfaceOrientations_iPhone = "UIInterfaceOrientationPortrait UIInterfaceOrientationLandscapeLeft UIInterfaceOrientationLandscapeRight";
				IPHONEOS_DEPLOYMENT_TARGET = 18.0;
				LD_RUNPATH_SEARCH_PATHS = "@executable_path/Frameworks";
				"LD_RUNPATH_SEARCH_PATHS[sdk=macosx*]" = "@executable_path/../Frameworks";
				MACOSX_DEPLOYMENT_TARGET = 14.0;
				MARKETING_VERSION = 1.0;
				PRODUCT_BUNDLE_IDENTIFIER = ETM.FallacyDetectorNonVibe;
				PRODUCT_NAME = "$(TARGET_NAME)";
				REGISTER_APP_GROUPS = YES;
				SDKROOT = auto;
				SUPPORTED_PLATFORMS = "iphoneos iphonesimulator macosx xros xrsimulator";
				SWIFT_EMIT_LOC_STRINGS = YES;
				SWIFT_VERSION = 5.0;
				TARGETED_DEVICE_FAMILY = "1,2,7";
				XROS_DEPLOYMENT_TARGET = 2.4;
			};
			name = Debug;
		};
		B48946DE2DBBED71003FCE8C /* Release */ = {
			isa = XCBuildConfiguration;
			buildSettings = {
				ASSETCATALOG_COMPILER_APPICON_NAME = AppIcon;
				ASSETCATALOG_COMPILER_GLOBAL_ACCENT_COLOR_NAME = AccentColor;
				CODE_SIGN_ENTITLEMENTS = FallacyDetectorNonVibe/FallacyDetectorNonVibe.entitlements;
				CODE_SIGN_STYLE = Automatic;
				CURRENT_PROJECT_VERSION = 1;
				DEVELOPMENT_TEAM = RTK4H4C7L9;
				ENABLE_HARDENED_RUNTIME = YES;
				ENABLE_PREVIEWS = YES;
				GENERATE_INFOPLIST_FILE = YES;
				INFOPLIST_FILE = FallacyDetectorNonVibe/Info.plist;
				"INFOPLIST_KEY_UIApplicationSceneManifest_Generation[sdk=iphoneos*]" = YES;
				"INFOPLIST_KEY_UIApplicationSceneManifest_Generation[sdk=iphonesimulator*]" = YES;
				"INFOPLIST_KEY_UIApplicationSupportsIndirectInputEvents[sdk=iphoneos*]" = YES;
				"INFOPLIST_KEY_UIApplicationSupportsIndirectInputEvents[sdk=iphonesimulator*]" = YES;
				"INFOPLIST_KEY_UILaunchScreen_Generation[sdk=iphoneos*]" = YES;
				"INFOPLIST_KEY_UILaunchScreen_Generation[sdk=iphonesimulator*]" = YES;
				"INFOPLIST_KEY_UIStatusBarStyle[sdk=iphoneos*]" = UIStatusBarStyleDefault;
				"INFOPLIST_KEY_UIStatusBarStyle[sdk=iphonesimulator*]" = UIStatusBarStyleDefault;
				INFOPLIST_KEY_UISupportedInterfaceOrientations_iPad = "UIInterfaceOrientationPortrait UIInterfaceOrientationPortraitUpsideDown UIInterfaceOrientationLandscapeLeft UIInterfaceOrientationLandscapeRight";
				INFOPLIST_KEY_UISupportedInterfaceOrientations_iPhone = "UIInterfaceOrientationPortrait UIInterfaceOrientationLandscapeLeft UIInterfaceOrientationLandscapeRight";
				IPHONEOS_DEPLOYMENT_TARGET = 18.0;
				LD_RUNPATH_SEARCH_PATHS = "@executable_path/Frameworks";
				"LD_RUNPATH_SEARCH_PATHS[sdk=macosx*]" = "@executable_path/../Frameworks";
				MACOSX_DEPLOYMENT_TARGET = 14.0;
				MARKETING_VERSION = 1.0;
				PRODUCT_BUNDLE_IDENTIFIER = ETM.FallacyDetectorNonVibe;
				PRODUCT_NAME = "$(TARGET_NAME)";
				REGISTER_APP_GROUPS = YES;
				SDKROOT = auto;
				SUPPORTED_PLATFORMS = "iphoneos iphonesimulator macosx xros xrsimulator";
				SWIFT_EMIT_LOC_STRINGS = YES;
				SWIFT_VERSION = 5.0;
				TARGETED_DEVICE_FAMILY = "1,2,7";
				XROS_DEPLOYMENT_TARGET = 2.4;
			};
			name = Release;
		};
		B48946DF2DBBED71003FCE8C /* Debug */ = {
			isa = XCBuildConfiguration;
			buildSettings = {
				ALWAYS_SEARCH_USER_PATHS = NO;
				ASSETCATALOG_COMPILER_GENERATE_SWIFT_ASSET_SYMBOL_EXTENSIONS = YES;
				CLANG_ANALYZER_NONNULL = YES;
				CLANG_ANALYZER_NUMBER_OBJECT_CONVERSION = YES_AGGRESSIVE;
				CLANG_CXX_LANGUAGE_STANDARD = "gnu++20";
				CLANG_ENABLE_MODULES = YES;
				CLANG_ENABLE_OBJC_ARC = YES;
				CLANG_ENABLE_OBJC_WEAK = YES;
				CLANG_WARN_BLOCK_CAPTURE_AUTORELEASING = YES;
				CLANG_WARN_BOOL_CONVERSION = YES;
				CLANG_WARN_COMMA = YES;
				CLANG_WARN_CONSTANT_CONVERSION = YES;
				CLANG_WARN_DEPRECATED_OBJC_IMPLEMENTATIONS = YES;
				CLANG_WARN_DIRECT_OBJC_ISA_USAGE = YES_ERROR;
				CLANG_WARN_DOCUMENTATION_COMMENTS = YES;
				CLANG_WARN_EMPTY_BODY = YES;
				CLANG_WARN_ENUM_CONVERSION = YES;
				CLANG_WARN_INFINITE_RECURSION = YES;
				CLANG_WARN_INT_CONVERSION = YES;
				CLANG_WARN_NON_LITERAL_NULL_CONVERSION = YES;
				CLANG_WARN_OBJC_IMPLICIT_RETAIN_SELF = YES;
				CLANG_WARN_OBJC_LITERAL_CONVERSION = YES;
				CLANG_WARN_OBJC_ROOT_CLASS = YES_ERROR;
				CLANG_WARN_QUOTED_INCLUDE_IN_FRAMEWORK_HEADER = YES;
				CLANG_WARN_RANGE_LOOP_ANALYSIS = YES;
				CLANG_WARN_STRICT_PROTOTYPES = YES;
				CLANG_WARN_SUSPICIOUS_MOVE = YES;
				CLANG_WARN_UNGUARDED_AVAILABILITY = YES_AGGRESSIVE;
				CLANG_WARN_UNREACHABLE_CODE = YES;
				CLANG_WARN__DUPLICATE_METHOD_MATCH = YES;
				COPY_PHASE_STRIP = NO;
				DEBUG_INFORMATION_FORMAT = dwarf;
				DEVELOPMENT_TEAM = RTK4H4C7L9;
				ENABLE_STRICT_OBJC_MSGSEND = YES;
				ENABLE_TESTABILITY = YES;
				ENABLE_USER_SCRIPT_SANDBOXING = YES;
				GCC_C_LANGUAGE_STANDARD = gnu17;
				GCC_DYNAMIC_NO_PIC = NO;
				GCC_NO_COMMON_BLOCKS = YES;
				GCC_OPTIMIZATION_LEVEL = 0;
				GCC_PREPROCESSOR_DEFINITIONS = (
					"DEBUG=1",
					"$(inherited)",
				);
				GCC_WARN_64_TO_32_BIT_CONVERSION = YES;
				GCC_WARN_ABOUT_RETURN_TYPE = YES_ERROR;
				GCC_WARN_UNDECLARED_SELECTOR = YES;
				GCC_WARN_UNINITIALIZED_AUTOS = YES_AGGRESSIVE;
				GCC_WARN_UNUSED_FUNCTION = YES;
				GCC_WARN_UNUSED_VARIABLE = YES;
				LOCALIZATION_PREFERS_STRING_CATALOGS = YES;
				MTL_ENABLE_DEBUG_INFO = INCLUDE_SOURCE;
				MTL_FAST_MATH = YES;
				ONLY_ACTIVE_ARCH = YES;
				SWIFT_ACTIVE_COMPILATION_CONDITIONS = "DEBUG $(inherited)";
				SWIFT_OPTIMIZATION_LEVEL = "-Onone";
			};
			name = Debug;
		};
		B48946E02DBBED71003FCE8C /* Release */ = {
			isa = XCBuildConfiguration;
			buildSettings = {
				ALWAYS_SEARCH_USER_PATHS = NO;
				ASSETCATALOG_COMPILER_GENERATE_SWIFT_ASSET_SYMBOL_EXTENSIONS = YES;
				CLANG_ANALYZER_NONNULL = YES;
				CLANG_ANALYZER_NUMBER_OBJECT_CONVERSION = YES_AGGRESSIVE;
				CLANG_CXX_LANGUAGE_STANDARD = "gnu++20";
				CLANG_ENABLE_MODULES = YES;
				CLANG_ENABLE_OBJC_ARC = YES;
				CLANG_ENABLE_OBJC_WEAK = YES;
				CLANG_WARN_BLOCK_CAPTURE_AUTORELEASING = YES;
				CLANG_WARN_BOOL_CONVERSION = YES;
				CLANG_WARN_COMMA = YES;
				CLANG_WARN_CONSTANT_CONVERSION = YES;
				CLANG_WARN_DEPRECATED_OBJC_IMPLEMENTATIONS = YES;
				CLANG_WARN_DIRECT_OBJC_ISA_USAGE = YES_ERROR;
				CLANG_WARN_DOCUMENTATION_COMMENTS = YES;
				CLANG_WARN_EMPTY_BODY = YES;
				CLANG_WARN_ENUM_CONVERSION = YES;
				CLANG_WARN_INFINITE_RECURSION = YES;
				CLANG_WARN_INT_CONVERSION = YES;
				CLANG_WARN_NON_LITERAL_NULL_CONVERSION = YES;
				CLANG_WARN_OBJC_IMPLICIT_RETAIN_SELF = YES;
				CLANG_WARN_OBJC_LITERAL_CONVERSION = YES;
				CLANG_WARN_OBJC_ROOT_CLASS = YES_ERROR;
				CLANG_WARN_QUOTED_INCLUDE_IN_FRAMEWORK_HEADER = YES;
				CLANG_WARN_RANGE_LOOP_ANALYSIS = YES;
				CLANG_WARN_STRICT_PROTOTYPES = YES;
				CLANG_WARN_SUSPICIOUS_MOVE = YES;
				CLANG_WARN_UNGUARDED_AVAILABILITY = YES_AGGRESSIVE;
				CLANG_WARN_UNREACHABLE_CODE = YES;
				CLANG_WARN__DUPLICATE_METHOD_MATCH = YES;
				COPY_PHASE_STRIP = NO;
				DEBUG_INFORMATION_FORMAT = "dwarf-with-dsym";
				DEVELOPMENT_TEAM = RTK4H4C7L9;
				ENABLE_NS_ASSERTIONS = NO;
				ENABLE_STRICT_OBJC_MSGSEND = YES;
				ENABLE_USER_SCRIPT_SANDBOXING = YES;
				GCC_C_LANGUAGE_STANDARD = gnu17;
				GCC_NO_COMMON_BLOCKS = YES;
				GCC_WARN_64_TO_32_BIT_CONVERSION = YES;
				GCC_WARN_ABOUT_RETURN_TYPE = YES_ERROR;
				GCC_WARN_UNDECLARED_SELECTOR = YES;
				GCC_WARN_UNINITIALIZED_AUTOS = YES_AGGRESSIVE;
				GCC_WARN_UNUSED_FUNCTION = YES;
				GCC_WARN_UNUSED_VARIABLE = YES;
				LOCALIZATION_PREFERS_STRING_CATALOGS = YES;
				MTL_ENABLE_DEBUG_INFO = NO;
				MTL_FAST_MATH = YES;
				SWIFT_COMPILATION_MODE = wholemodule;
			};
			name = Release;
		};
		B48946E22DBBED71003FCE8C /* Debug */ = {
			isa = XCBuildConfiguration;
			buildSettings = {
				BUNDLE_LOADER = "$(TEST_HOST)";
				CODE_SIGN_STYLE = Automatic;
				CURRENT_PROJECT_VERSION = 1;
				DEVELOPMENT_TEAM = RTK4H4C7L9;
				GENERATE_INFOPLIST_FILE = YES;
				IPHONEOS_DEPLOYMENT_TARGET = 18.4;
				MACOSX_DEPLOYMENT_TARGET = 15.3;
				MARKETING_VERSION = 1.0;
				PRODUCT_BUNDLE_IDENTIFIER = ETM.FallacyDetectorNonVibeTests;
				PRODUCT_NAME = "$(TARGET_NAME)";
				SDKROOT = auto;
				SUPPORTED_PLATFORMS = "iphoneos iphonesimulator macosx xros xrsimulator";
				SWIFT_EMIT_LOC_STRINGS = NO;
				SWIFT_VERSION = 5.0;
				TARGETED_DEVICE_FAMILY = "1,2,7";
				TEST_HOST = "$(BUILT_PRODUCTS_DIR)/FallacyDetectorNonVibe.app/$(BUNDLE_EXECUTABLE_FOLDER_PATH)/FallacyDetectorNonVibe";
				XROS_DEPLOYMENT_TARGET = 2.4;
			};
			name = Debug;
		};
		B48946E32DBBED71003FCE8C /* Release */ = {
			isa = XCBuildConfiguration;
			buildSettings = {
				BUNDLE_LOADER = "$(TEST_HOST)";
				CODE_SIGN_STYLE = Automatic;
				CURRENT_PROJECT_VERSION = 1;
				DEVELOPMENT_TEAM = RTK4H4C7L9;
				GENERATE_INFOPLIST_FILE = YES;
				IPHONEOS_DEPLOYMENT_TARGET = 18.4;
				MACOSX_DEPLOYMENT_TARGET = 15.3;
				MARKETING_VERSION = 1.0;
				PRODUCT_BUNDLE_IDENTIFIER = ETM.FallacyDetectorNonVibeTests;
				PRODUCT_NAME = "$(TARGET_NAME)";
				SDKROOT = auto;
				SUPPORTED_PLATFORMS = "iphoneos iphonesimulator macosx xros xrsimulator";
				SWIFT_EMIT_LOC_STRINGS = NO;
				SWIFT_VERSION = 5.0;
				TARGETED_DEVICE_FAMILY = "1,2,7";
				TEST_HOST = "$(BUILT_PRODUCTS_DIR)/FallacyDetectorNonVibe.app/$(BUNDLE_EXECUTABLE_FOLDER_PATH)/FallacyDetectorNonVibe";
				XROS_DEPLOYMENT_TARGET = 2.4;
			};
			name = Release;
		};
		B48946E52DBBED71003FCE8C /* Debug */ = {
			isa = XCBuildConfiguration;
			buildSettings = {
				CODE_SIGN_STYLE = Automatic;
				CURRENT_PROJECT_VERSION = 1;
				DEVELOPMENT_TEAM = RTK4H4C7L9;
				GENERATE_INFOPLIST_FILE = YES;
				IPHONEOS_DEPLOYMENT_TARGET = 18.4;
				MACOSX_DEPLOYMENT_TARGET = 15.3;
				MARKETING_VERSION = 1.0;
				PRODUCT_BUNDLE_IDENTIFIER = ETM.FallacyDetectorNonVibeUITests;
				PRODUCT_NAME = "$(TARGET_NAME)";
				SDKROOT = auto;
				SUPPORTED_PLATFORMS = "iphoneos iphonesimulator macosx xros xrsimulator";
				SWIFT_EMIT_LOC_STRINGS = NO;
				SWIFT_VERSION = 5.0;
				TARGETED_DEVICE_FAMILY = "1,2,7";
				TEST_TARGET_NAME = FallacyDetectorNonVibe;
				XROS_DEPLOYMENT_TARGET = 2.4;
			};
			name = Debug;
		};
		B48946E62DBBED71003FCE8C /* Release */ = {
			isa = XCBuildConfiguration;
			buildSettings = {
				CODE_SIGN_STYLE = Automatic;
				CURRENT_PROJECT_VERSION = 1;
				DEVELOPMENT_TEAM = RTK4H4C7L9;
				GENERATE_INFOPLIST_FILE = YES;
				IPHONEOS_DEPLOYMENT_TARGET = 18.4;
				MACOSX_DEPLOYMENT_TARGET = 15.3;
				MARKETING_VERSION = 1.0;
				PRODUCT_BUNDLE_IDENTIFIER = ETM.FallacyDetectorNonVibeUITests;
				PRODUCT_NAME = "$(TARGET_NAME)";
				SDKROOT = auto;
				SUPPORTED_PLATFORMS = "iphoneos iphonesimulator macosx xros xrsimulator";
				SWIFT_EMIT_LOC_STRINGS = NO;
				SWIFT_VERSION = 5.0;
				TARGETED_DEVICE_FAMILY = "1,2,7";
				TEST_TARGET_NAME = FallacyDetectorNonVibe;
				XROS_DEPLOYMENT_TARGET = 2.4;
			};
			name = Release;
		};
/* End XCBuildConfiguration section */

/* Begin XCConfigurationList section */
		B48946B32DBBED6F003FCE8C /* Build configuration list for PBXProject "FallacyDetectorNonVibe" */ = {
			isa = XCConfigurationList;
			buildConfigurations = (
				B48946DF2DBBED71003FCE8C /* Debug */,
				B48946E02DBBED71003FCE8C /* Release */,
			);
			defaultConfigurationIsVisible = 0;
			defaultConfigurationName = Release;
		};
		B48946DC2DBBED71003FCE8C /* Build configuration list for PBXNativeTarget "FallacyDetectorNonVibe" */ = {
			isa = XCConfigurationList;
			buildConfigurations = (
				B48946DD2DBBED71003FCE8C /* Debug */,
				B48946DE2DBBED71003FCE8C /* Release */,
			);
			defaultConfigurationIsVisible = 0;
			defaultConfigurationName = Release;
		};
		B48946E12DBBED71003FCE8C /* Build configuration list for PBXNativeTarget "FallacyDetectorNonVibeTests" */ = {
			isa = XCConfigurationList;
			buildConfigurations = (
				B48946E22DBBED71003FCE8C /* Debug */,
				B48946E32DBBED71003FCE8C /* Release */,
			);
			defaultConfigurationIsVisible = 0;
			defaultConfigurationName = Release;
		};
		B48946E42DBBED71003FCE8C /* Build configuration list for PBXNativeTarget "FallacyDetectorNonVibeUITests" */ = {
			isa = XCConfigurationList;
			buildConfigurations = (
				B48946E52DBBED71003FCE8C /* Debug */,
				B48946E62DBBED71003FCE8C /* Release */,
			);
			defaultConfigurationIsVisible = 0;
			defaultConfigurationName = Release;
		};
/* End XCConfigurationList section */

/* Begin XCRemoteSwiftPackageReference section */
		B48946EE2DBBEF6B003FCE8C /* XCRemoteSwiftPackageReference "generative-ai-swift" */ = {
			isa = XCRemoteSwiftPackageReference;
			repositoryURL = "https://github.com/google/generative-ai-swift";
			requirement = {
				kind = upToNextMajorVersion;
				minimumVersion = 0.5.6;
			};
		};
/* End XCRemoteSwiftPackageReference section */

/* Begin XCSwiftPackageProductDependency section */
		B48946F02DBBF121003FCE8C /* GoogleGenerativeAI */ = {
			isa = XCSwiftPackageProductDependency;
			package = B48946EE2DBBEF6B003FCE8C /* XCRemoteSwiftPackageReference "generative-ai-swift" */;
			productName = GoogleGenerativeAI;
		};
/* End XCSwiftPackageProductDependency section */
	};
	rootObject = B48946B02DBBED6F003FCE8C /* Project object */;
}
